{
  "name": "olivkassen-stripe-functions",
  "version": "1.0.0",
  "lockfileVersion": 1,
  "requires": true,
  "dependencies": {
    "stripe": {
      "version": "12.0.0",
      "resolved": "https://registry.npmjs.org/stripe/-/stripe-12.0.0.tgz",
      "integrity": "sha512-nmZ5U8RmXfPRAkUJ7Orgn+VzL33hx3tqK3V4Qv7oTRFJpx3wK6XzU5tdtvMiFdVmWAnx8F9oHySxO6AOcMmVEw=="
    }
  }
}